// !$*UTF8*$!
{
	archiveVersion = 1;
	classes = {
	};
	objectVersion = 46;
	objects = {

/* Begin PBXBuildFile section */
		617E003E1CDA733900649CA1 /* main.cpp in Sources */ = {isa = PBXBuildFile; fileRef = 61FA3C461CDA37A0009F8EA4 /* main.cpp */; };
		61FA3C581CDA5C8B009F8EA4 /* cJSON.c in Sources */ = {isa = PBXBuildFile; fileRef = 61FA3C541CDA5C8B009F8EA4 /* cJSON.c */; };
/* End PBXBuildFile section */

/* Begin PBXCopyFilesBuildPhase section */
		61FA3C411CDA37A0009F8EA4 /* CopyFiles */ = {
			isa = PBXCopyFilesBuildPhase;
			buildActionMask = 2147483647;
			dstPath = /usr/share/man/man1/;
			dstSubfolderSpec = 0;
			files = (
			);
			runOnlyForDeploymentPostprocessing = 1;
		};
/* End PBXCopyFilesBuildPhase section */

/* Begin PBXFileReference section */
		617E00401CDAA25D00649CA1 /* ciphersuites.txt */ = {isa = PBXFileReference; fileEncoding = 4; lastKnownFileType = text; path = ciphersuites.txt; sourceTree = "<group>"; };
		61B6C96F1CFB24AA00DCB383 /* bank jsons */ = {isa = PBXFileReference; lastKnownFileType = folder; path = "bank jsons"; sourceTree = "<group>"; };
		61FA3C431CDA37A0009F8EA4 /* Parsing Json */ = {isa = PBXFileReference; explicitFileType = "compiled.mach-o.executable"; includeInIndex = 0; path = "Parsing Json"; sourceTree = BUILT_PRODUCTS_DIR; };
		61FA3C461CDA37A0009F8EA4 /* main.cpp */ = {isa = PBXFileReference; lastKnownFileType = sourcecode.cpp.cpp; path = main.cpp; sourceTree = "<group>"; };
		61FA3C4E1CDA3A59009F8EA4 /* jsons */ = {isa = PBXFileReference; lastKnownFileType = folder; path = jsons; sourceTree = "<group>"; };
		61FA3C541CDA5C8B009F8EA4 /* cJSON.c */ = {isa = PBXFileReference; fileEncoding = 4; lastKnownFileType = sourcecode.c.c; path = cJSON.c; sourceTree = "<group>"; };
		61FA3C551CDA5C8B009F8EA4 /* cJSON.h */ = {isa = PBXFileReference; fileEncoding = 4; lastKnownFileType = sourcecode.c.h; path = cJSON.h; sourceTree = "<group>"; };
		61FA3C561CDA5C8B009F8EA4 /* test.c */ = {isa = PBXFileReference; fileEncoding = 4; lastKnownFileType = sourcecode.c.c; path = test.c; sourceTree = "<group>"; };
		61FA3C571CDA5C8B009F8EA4 /* tests */ = {isa = PBXFileReference; lastKnownFileType = folder; path = tests; sourceTree = "<group>"; };
/* End PBXFileReference section */

/* Begin PBXFrameworksBuildPhase section */
		61FA3C401CDA37A0009F8EA4 /* Frameworks */ = {
			isa = PBXFrameworksBuildPhase;
			buildActionMask = 2147483647;
			files = (
			);
			runOnlyForDeploymentPostprocessing = 0;
		};
/* End PBXFrameworksBuildPhase section */

/* Begin PBXGroup section */
		61FA3C3A1CDA37A0009F8EA4 = {
			isa = PBXGroup;
			children = (
				61FA3C451CDA37A0009F8EA4 /* Parsing Json */,
				61FA3C441CDA37A0009F8EA4 /* Products */,
			);
			sourceTree = "<group>";
		};
		61FA3C441CDA37A0009F8EA4 /* Products */ = {
			isa = PBXGroup;
			children = (
				61FA3C431CDA37A0009F8EA4 /* Parsing Json */,
			);
			name = Products;
			sourceTree = "<group>";
		};
		61FA3C451CDA37A0009F8EA4 /* Parsing Json */ = {
			isa = PBXGroup;
			children = (
				61B6C96F1CFB24AA00DCB383 /* bank jsons */,
				617E00401CDAA25D00649CA1 /* ciphersuites.txt */,
				61FA3C541CDA5C8B009F8EA4 /* cJSON.c */,
				61FA3C551CDA5C8B009F8EA4 /* cJSON.h */,
				61FA3C561CDA5C8B009F8EA4 /* test.c */,
				61FA3C571CDA5C8B009F8EA4 /* tests */,
				61FA3C4E1CDA3A59009F8EA4 /* jsons */,
				61FA3C461CDA37A0009F8EA4 /* main.cpp */,
			);
			path = "Parsing Json";
			sourceTree = "<group>";
		};
/* End PBXGroup section */

/* Begin PBXNativeTarget section */
		61FA3C421CDA37A0009F8EA4 /* Parsing Json */ = {
			isa = PBXNativeTarget;
			buildConfigurationList = 61FA3C4A1CDA37A0009F8EA4 /* Build configuration list for PBXNativeTarget "Parsing Json" */;
			buildPhases = (
				61FA3C3F1CDA37A0009F8EA4 /* Sources */,
				61FA3C401CDA37A0009F8EA4 /* Frameworks */,
				61FA3C411CDA37A0009F8EA4 /* CopyFiles */,
			);
			buildRules = (
			);
			dependencies = (
			);
			name = "Parsing Json";
			productName = "Parsing Json";
			productReference = 61FA3C431CDA37A0009F8EA4 /* Parsing Json */;
			productType = "com.apple.product-type.tool";
		};
/* End PBXNativeTarget section */

/* Begin PBXProject section */
		61FA3C3B1CDA37A0009F8EA4 /* Project object */ = {
			isa = PBXProject;
			attributes = {
				LastUpgradeCheck = 0730;
				ORGANIZATIONNAME = "Prakhar Jain";
				TargetAttributes = {
					61FA3C421CDA37A0009F8EA4 = {
						CreatedOnToolsVersion = 7.3;
					};
				};
			};
			buildConfigurationList = 61FA3C3E1CDA37A0009F8EA4 /* Build configuration list for PBXProject "Parsing Json" */;
			compatibilityVersion = "Xcode 3.2";
			developmentRegion = English;
			hasScannedForEncodings = 0;
			knownRegions = (
				en,
			);
			mainGroup = 61FA3C3A1CDA37A0009F8EA4;
			productRefGroup = 61FA3C441CDA37A0009F8EA4 /* Products */;
			projectDirPath = "";
			projectRoot = "";
			targets = (
				61FA3C421CDA37A0009F8EA4 /* Parsing Json */,
			);
		};
/* End PBXProject section */

/* Begin PBXSourcesBuildPhase section */
		61FA3C3F1CDA37A0009F8EA4 /* Sources */ = {
			isa = PBXSourcesBuildPhase;
			buildActionMask = 2147483647;
			files = (
				61FA3C581CDA5C8B009F8EA4 /* cJSON.c in Sources */,
				617E003E1CDA733900649CA1 /* main.cpp in Sources */,
			);
			runOnlyForDeploymentPostprocessing = 0;
		};
/* End PBXSourcesBuildPhase section */

/* Begin XCBuildConfiguration section */
		61FA3C481CDA37A0009F8EA4 /* Debug */ = {
			isa = XCBuildConfiguration;
			buildSettings = {
				ALWAYS_SEARCH_USER_PATHS = NO;
				CLANG_ANALYZER_NONNULL = YES;
				CLANG_CXX_LANGUAGE_STANDARD = "gnu++0x";
				CLANG_CXX_LIBRARY = "libc++";
				CLANG_ENABLE_MODULES = YES;
				CLANG_ENABLE_OBJC_ARC = YES;
				CLANG_WARN_BOOL_CONVERSION = YES;
				CLANG_WARN_CONSTANT_CONVERSION = YES;
				CLANG_WARN_DIRECT_OBJC_ISA_USAGE = YES_ERROR;
				CLANG_WARN_EMPTY_BODY = YES;
				CLANG_WARN_ENUM_CONVERSION = YES;
				CLANG_WARN_INT_CONVERSION = YES;
				CLANG_WARN_OBJC_ROOT_CLASS = YES_ERROR;
				CLANG_WARN_UNREACHABLE_CODE = YES;
				CLANG_WARN__DUPLICATE_METHOD_MATCH = YES;
				CODE_SIGN_IDENTITY = "-";
				COPY_PHASE_STRIP = NO;
				DEBUG_INFORMATION_FORMAT = dwarf;
				ENABLE_STRICT_OBJC_MSGSEND = YES;
				ENABLE_TESTABILITY = YES;
				GCC_C_LANGUAGE_STANDARD = gnu99;
				GCC_DYNAMIC_NO_PIC = NO;
				GCC_NO_COMMON_BLOCKS = YES;
				GCC_OPTIMIZATION_LEVEL = 0;
				GCC_PREPROCESSOR_DEFINITIONS = (
					"DEBUG=1",
					"$(inherited)",
				);
				GCC_WARN_64_TO_32_BIT_CONVERSION = YES;
				GCC_WARN_ABOUT_RETURN_TYPE = YES_ERROR;
				GCC_WARN_UNDECLARED_SELECTOR = YES;
				GCC_WARN_UNINITIALIZED_AUTOS = YES_AGGRESSIVE;
				GCC_WARN_UNUSED_FUNCTION = YES;
				GCC_WARN_UNUSED_VARIABLE = YES;
				MACOSX_DEPLOYMENT_TARGET = 10.11;
				MTL_ENABLE_DEBUG_INFO = YES;
				ONLY_ACTIVE_ARCH = YES;
				SDKROOT = macosx;
			};
			name = Debug;
		};
		61FA3C491CDA37A0009F8EA4 /* Release */ = {
			isa = XCBuildConfiguration;
			buildSettings = {
				ALWAYS_SEARCH_USER_PATHS = NO;
				CLANG_ANALYZER_NONNULL = YES;
				CLANG_CXX_LANGUAGE_STANDARD = "gnu++0x";
				CLANG_CXX_LIBRARY = "libc++";
				CLANG_ENABLE_MODULES = YES;
				CLANG_ENABLE_OBJC_ARC = YES;
				CLANG_WARN_BOOL_CONVERSION = YES;
				CLANG_WARN_CONSTANT_CONVERSION = YES;
				CLANG_WARN_DIRECT_OBJC_ISA_USAGE = YES_ERROR;
				CLANG_WARN_EMPTY_BODY = YES;
				CLANG_WARN_ENUM_CONVERSION = YES;
				CLANG_WARN_INT_CONVERSION = YES;
				CLANG_WARN_OBJC_ROOT_CLASS = YES_ERROR;
				CLANG_WARN_UNREACHABLE_CODE = YES;
				CLANG_WARN__DUPLICATE_METHOD_MATCH = YES;
				CODE_SIGN_IDENTITY = "-";
				COPY_PHASE_STRIP = NO;
				DEBUG_INFORMATION_FORMAT = "dwarf-with-dsym";
				ENABLE_NS_ASSERTIONS = NO;
				ENABLE_STRICT_OBJC_MSGSEND = YES;
				GCC_C_LANGUAGE_STANDARD = gnu99;
				GCC_NO_COMMON_BLOCKS = YES;
				GCC_WARN_64_TO_32_BIT_CONVERSION = YES;
				GCC_WARN_ABOUT_RETURN_TYPE = YES_ERROR;
				GCC_WARN_UNDECLARED_SELECTOR = YES;
				GCC_WARN_UNINITIALIZED_AUTOS = YES_AGGRESSIVE;
				GCC_WARN_UNUSED_FUNCTION = YES;
				GCC_WARN_UNUSED_VARIABLE = YES;
				MACOSX_DEPLOYMENT_TARGET = 10.11;
				MTL_ENABLE_DEBUG_INFO = NO;
				SDKROOT = macosx;
			};
			name = Release;
		};
		61FA3C4B1CDA37A0009F8EA4 /* Debug */ = {
			isa = XCBuildConfiguration;
			buildSettings = {
				PRODUCT_NAME = "$(TARGET_NAME)";
			};
			name = Debug;
		};
		61FA3C4C1CDA37A0009F8EA4 /* Release */ = {
			isa = XCBuildConfiguration;
			buildSettings = {
				PRODUCT_NAME = "$(TARGET_NAME)";
			};
			name = Release;
		};
/* End XCBuildConfiguration section */

/* Begin XCConfigurationList section */
		61FA3C3E1CDA37A0009F8EA4 /* Build configuration list for PBXProject "Parsing Json" */ = {
			isa = XCConfigurationList;
			buildConfigurations = (
				61FA3C481CDA37A0009F8EA4 /* Debug */,
				61FA3C491CDA37A0009F8EA4 /* Release */,
			);
			defaultConfigurationIsVisible = 0;
			defaultConfigurationName = Release;
		};
		61FA3C4A1CDA37A0009F8EA4 /* Build configuration list for PBXNativeTarget "Parsing Json" */ = {
			isa = XCConfigurationList;
			buildConfigurations = (
				61FA3C4B1CDA37A0009F8EA4 /* Debug */,
				61FA3C4C1CDA37A0009F8EA4 /* Release */,
			);
			defaultConfigurationIsVisible = 0;
			defaultConfigurationName = Release;
		};
/* End XCConfigurationList section */
	};
	rootObject = 61FA3C3B1CDA37A0009F8EA4 /* Project object */;
}
